
Microsoft Visual Studio Solution File, Format Version 12.00
# Visual Studio Version 17
VisualStudioVersion = 17.9.34616.47
MinimumVisualStudioVersion = 10.0.40219.1
Project("{FAE04EC0-301F-11D3-BF4B-00C04F79EFBC}") = "OsiteNew", "OsiteNew.csproj", "{33BDE6CF-452A-4FCA-A6A4-533DA1FF5099}"
EndProject
Global
	GlobalSection(SolutionConfigurationPlatforms) = preSolution
		Debug|Any CPU = Debug|Any CPU
		Release|Any CPU = Release|Any CPU
	EndGlobalSection
	GlobalSection(ProjectConfigurationPlatforms) = postSolution
		{33BDE6CF-452A-4FCA-A6A4-533DA1FF5099}.Debug|Any CPU.ActiveCfg = Debug|Any CPU
		{33BDE6CF-452A-4FCA-A6A4-533DA1FF5099}.Debug|Any CPU.Build.0 = Debug|Any CPU
		{33BDE6CF-452A-4FCA-A6A4-533DA1FF5099}.Release|Any CPU.ActiveCfg = Release|Any CPU
		{33BDE6CF-452A-4FCA-A6A4-533DA1FF5099}.Release|Any CPU.Build.0 = Release|Any CPU
	EndGlobalSection
	GlobalSection(SolutionProperties) = preSolution
		HideSolutionNode = FALSE
	EndGlobalSection
	GlobalSection(ExtensibilityGlobals) = postSolution
		SolutionGuid = {16A41BEA-0939-44A5-B677-0BFF0354FD6D}
	EndGlobalSection
EndGlobal
